
Microsoft Visual Studio Solution File, Format Version 12.00
# Visual Studio Version 16
VisualStudioVersion = 16.0.31105.61
MinimumVisualStudioVersion = 10.0.40219.1
Project("{9A19103F-16F7-4668-BE54-9A1E7A4F7556}") = "AzureGitIntegration", "AzureGitIntegration.csproj", "{ED4E5BAF-E5E2-4C7C-81A0-7B314EFCD083}"
EndProject
Global
	GlobalSection(SolutionConfigurationPlatforms) = preSolution
		Debug|Any CPU = Debug|Any CPU
		Release|Any CPU = Release|Any CPU
	EndGlobalSection
	GlobalSection(ProjectConfigurationPlatforms) = postSolution
		{ED4E5BAF-E5E2-4C7C-81A0-7B314EFCD083}.Debug|Any CPU.ActiveCfg = Debug|Any CPU
		{ED4E5BAF-E5E2-4C7C-81A0-7B314EFCD083}.Debug|Any CPU.Build.0 = Debug|Any CPU
		{ED4E5BAF-E5E2-4C7C-81A0-7B314EFCD083}.Release|Any CPU.ActiveCfg = Release|Any CPU
		{ED4E5BAF-E5E2-4C7C-81A0-7B314EFCD083}.Release|Any CPU.Build.0 = Release|Any CPU
	EndGlobalSection
	GlobalSection(SolutionProperties) = preSolution
		HideSolutionNode = FALSE
	EndGlobalSection
	GlobalSection(ExtensibilityGlobals) = postSolution
		SolutionGuid = {B6183204-D334-4687-B7A3-0E32336D6024}
	EndGlobalSection
EndGlobal
